{
  "name": "h5p-ckeditor",
  "lockfileVersion": 2,
  "requires": true,
  "packages": {
    "": {
      "devDependencies": {
        "ckeditor4": "^4.19.1"
      }
    },
    "node_modules/ckeditor4": {
      "version": "4.19.1",
      "resolved": "https://registry.npmjs.org/ckeditor4/-/ckeditor4-4.19.1.tgz",
      "integrity": "sha512-eK/tilHSUpLc9mrD7Lvt07LJfJ13BBa4ftxJBxIX49sGMlWg5WaB81C+MRBZwnntcfpjVdyCLpZAptAHTDB65Q==",
      "dev": true
    }
  },
  "dependencies": {
    "ckeditor4": {
      "version": "4.19.1",
      "resolved": "https://registry.npmjs.org/ckeditor4/-/ckeditor4-4.19.1.tgz",
      "integrity": "sha512-eK/tilHSUpLc9mrD7Lvt07LJfJ13BBa4ftxJBxIX49sGMlWg5WaB81C+MRBZwnntcfpjVdyCLpZAptAHTDB65Q==",
      "dev": true
    }
  }
}
