{
  "name": "h5p-ckeditor",
  "lockfileVersion": 2,
  "requires": true,
  "packages": {
    "": {
      "devDependencies": {
        "ckeditor4": "^4.25.0"
      }
    },
    "node_modules/ckeditor4": {
      "version": "4.25.0",
      "resolved": "https://registry.npmjs.org/ckeditor4/-/ckeditor4-4.25.0.tgz",
      "integrity": "sha512-XXyP+Ws7dkM11Hd+s+YlMfBj1jr61eQQxoqrH7IxcCA78Sr625VW8vOS/y3y+W7mjdTGJds7BpLTQmYsT9HGDA==",
      "dev": true
    }
  },
  "dependencies": {
    "ckeditor4": {
      "version": "4.25.0",
      "resolved": "https://registry.npmjs.org/ckeditor4/-/ckeditor4-4.25.0.tgz",
      "integrity": "sha512-XXyP+Ws7dkM11Hd+s+YlMfBj1jr61eQQxoqrH7IxcCA78Sr625VW8vOS/y3y+W7mjdTGJds7BpLTQmYsT9HGDA==",
      "dev": true
    }
  }
}
